
Microsoft Visual Studio Solution File, Format Version 12.00
# Visual Studio 15
VisualStudioVersion = 15.0.28010.2050
MinimumVisualStudioVersion = 10.0.40219.1
Project("{FAE04EC0-301F-11D3-BF4B-00C04F79EFBC}") = "MailMasterDefaultClient", "MailMasterDefaultClient\MailMasterDefaultClient.csproj", "{38A310EE-DB2D-4240-B0A7-10E0C77904DF}"
EndProject
Global
	GlobalSection(SolutionConfigurationPlatforms) = preSolution
		Debug|Any CPU = Debug|Any CPU
		Release|Any CPU = Release|Any CPU
	EndGlobalSection
	GlobalSection(ProjectConfigurationPlatforms) = postSolution
		{38A310EE-DB2D-4240-B0A7-10E0C77904DF}.Debug|Any CPU.ActiveCfg = Debug|Any CPU
		{38A310EE-DB2D-4240-B0A7-10E0C77904DF}.Debug|Any CPU.Build.0 = Debug|Any CPU
		{38A310EE-DB2D-4240-B0A7-10E0C77904DF}.Release|Any CPU.ActiveCfg = Release|Any CPU
		{38A310EE-DB2D-4240-B0A7-10E0C77904DF}.Release|Any CPU.Build.0 = Release|Any CPU
	EndGlobalSection
	GlobalSection(SolutionProperties) = preSolution
		HideSolutionNode = FALSE
	EndGlobalSection
	GlobalSection(ExtensibilityGlobals) = postSolution
		SolutionGuid = {FA9CDF17-C9E0-4375-B6BD-8A936DF35E28}
	EndGlobalSection
EndGlobal
